// !$*UTF8*$!
{
	archiveVersion = 1;
	classes = {
	};
	objectVersion = 48;
	objects = {

/* Begin PBXBuildFile section */
		805057C862B006F5DCEEBA87 /* Pods_IdentiBuy.framework in Frameworks */ = {isa = PBXBuildFile; fileRef = AD47FA459AAAC8C95F8A7904 /* Pods_IdentiBuy.framework */; };
		C81B9F4A1F9CC84300990447 /* Inceptionv3.mlmodel in Sources */ = {isa = PBXBuildFile; fileRef = C81B9F491F9CC81A00990447 /* Inceptionv3.mlmodel */; };
		C8403D361F9CA40D00644CA3 /* AppDelegate.swift in Sources */ = {isa = PBXBuildFile; fileRef = C8403D351F9CA40D00644CA3 /* AppDelegate.swift */; };
		C8403D3B1F9CA40D00644CA3 /* Main.storyboard in Resources */ = {isa = PBXBuildFile; fileRef = C8403D391F9CA40D00644CA3 /* Main.storyboard */; };
		C8403D3D1F9CA40D00644CA3 /* Assets.xcassets in Resources */ = {isa = PBXBuildFile; fileRef = C8403D3C1F9CA40D00644CA3 /* Assets.xcassets */; };
		C8403D401F9CA40D00644CA3 /* LaunchScreen.storyboard in Resources */ = {isa = PBXBuildFile; fileRef = C8403D3E1F9CA40D00644CA3 /* LaunchScreen.storyboard */; };
		C8403D4B1F9CA4C400644CA3 /* DetectionViewController.swift in Sources */ = {isa = PBXBuildFile; fileRef = C8403D4A1F9CA4C400644CA3 /* DetectionViewController.swift */; };
		C841C79B1F9CF49500A02002 /* ProductSpecViewController.swift in Sources */ = {isa = PBXBuildFile; fileRef = C841C79A1F9CF49500A02002 /* ProductSpecViewController.swift */; };
		C87E25C51F9CAFC200237A99 /* Keys.plist in Resources */ = {isa = PBXBuildFile; fileRef = C87E25C41F9CAFC200237A99 /* Keys.plist */; };
/* End PBXBuildFile section */

/* Begin PBXFileReference section */
		52824CBBC39E4C96758D93A6 /* Pods-IdentiBuy.release.xcconfig */ = {isa = PBXFileReference; includeInIndex = 1; lastKnownFileType = text.xcconfig; name = "Pods-IdentiBuy.release.xcconfig"; path = "Pods/Target Support Files/Pods-IdentiBuy/Pods-IdentiBuy.release.xcconfig"; sourceTree = "<group>"; };
		AD47FA459AAAC8C95F8A7904 /* Pods_IdentiBuy.framework */ = {isa = PBXFileReference; explicitFileType = wrapper.framework; includeInIndex = 0; path = Pods_IdentiBuy.framework; sourceTree = BUILT_PRODUCTS_DIR; };
		B6F7ECCBE48A183BBDBF4C67 /* Pods-IdentiBuy.debug.xcconfig */ = {isa = PBXFileReference; includeInIndex = 1; lastKnownFileType = text.xcconfig; name = "Pods-IdentiBuy.debug.xcconfig"; path = "Pods/Target Support Files/Pods-IdentiBuy/Pods-IdentiBuy.debug.xcconfig"; sourceTree = "<group>"; };
		C81B9F491F9CC81A00990447 /* Inceptionv3.mlmodel */ = {isa = PBXFileReference; lastKnownFileType = file.mlmodel; path = Inceptionv3.mlmodel; sourceTree = "<group>"; };
		C8403D321F9CA40D00644CA3 /* IdentiBuy.app */ = {isa = PBXFileReference; explicitFileType = wrapper.application; includeInIndex = 0; path = IdentiBuy.app; sourceTree = BUILT_PRODUCTS_DIR; };
		C8403D351F9CA40D00644CA3 /* AppDelegate.swift */ = {isa = PBXFileReference; lastKnownFileType = sourcecode.swift; path = AppDelegate.swift; sourceTree = "<group>"; };
		C8403D3A1F9CA40D00644CA3 /* Base */ = {isa = PBXFileReference; lastKnownFileType = file.storyboard; name = Base; path = Base.lproj/Main.storyboard; sourceTree = "<group>"; };
		C8403D3C1F9CA40D00644CA3 /* Assets.xcassets */ = {isa = PBXFileReference; lastKnownFileType = folder.assetcatalog; path = Assets.xcassets; sourceTree = "<group>"; };
		C8403D3F1F9CA40D00644CA3 /* Base */ = {isa = PBXFileReference; lastKnownFileType = file.storyboard; name = Base; path = Base.lproj/LaunchScreen.storyboard; sourceTree = "<group>"; };
		C8403D411F9CA40D00644CA3 /* Info.plist */ = {isa = PBXFileReference; lastKnownFileType = text.plist.xml; path = Info.plist; sourceTree = "<group>"; };
		C8403D4A1F9CA4C400644CA3 /* DetectionViewController.swift */ = {isa = PBXFileReference; lastKnownFileType = sourcecode.swift; path = DetectionViewController.swift; sourceTree = "<group>"; };
		C8403D4C1F9CA50900644CA3 /* Montserrat */ = {isa = PBXFileReference; lastKnownFileType = folder; name = Montserrat; path = "Assets/ Fonts/Montserrat"; sourceTree = SOURCE_ROOT; };
		C841C79A1F9CF49500A02002 /* ProductSpecViewController.swift */ = {isa = PBXFileReference; lastKnownFileType = sourcecode.swift; path = ProductSpecViewController.swift; sourceTree = "<group>"; };
		C87E25C41F9CAFC200237A99 /* Keys.plist */ = {isa = PBXFileReference; lastKnownFileType = text.plist.xml; path = Keys.plist; sourceTree = "<group>"; };
/* End PBXFileReference section */

/* Begin PBXFrameworksBuildPhase section */
		C8403D2F1F9CA40D00644CA3 /* Frameworks */ = {
			isa = PBXFrameworksBuildPhase;
			buildActionMask = 2147483647;
			files = (
				805057C862B006F5DCEEBA87 /* Pods_IdentiBuy.framework in Frameworks */,
			);
			runOnlyForDeploymentPostprocessing = 0;
		};
/* End PBXFrameworksBuildPhase section */

/* Begin PBXGroup section */
		2B0A07B2A66CF12EDCC2E57F /* Frameworks */ = {
			isa = PBXGroup;
			children = (
				AD47FA459AAAC8C95F8A7904 /* Pods_IdentiBuy.framework */,
			);
			name = Frameworks;
			sourceTree = "<group>";
		};
		3530475A475D95E98CB6A451 /* Pods */ = {
			isa = PBXGroup;
			children = (
				B6F7ECCBE48A183BBDBF4C67 /* Pods-IdentiBuy.debug.xcconfig */,
				52824CBBC39E4C96758D93A6 /* Pods-IdentiBuy.release.xcconfig */,
			);
			name = Pods;
			sourceTree = "<group>";
		};
		C8403D291F9CA40D00644CA3 = {
			isa = PBXGroup;
			children = (
				C8403D341F9CA40D00644CA3 /* IdentiBuy */,
				C8403D331F9CA40D00644CA3 /* Products */,
				3530475A475D95E98CB6A451 /* Pods */,
				2B0A07B2A66CF12EDCC2E57F /* Frameworks */,
			);
			sourceTree = "<group>";
		};
		C8403D331F9CA40D00644CA3 /* Products */ = {
			isa = PBXGroup;
			children = (
				C8403D321F9CA40D00644CA3 /* IdentiBuy.app */,
			);
			name = Products;
			sourceTree = "<group>";
		};
		C8403D341F9CA40D00644CA3 /* IdentiBuy */ = {
			isa = PBXGroup;
			children = (
				C8403D4C1F9CA50900644CA3 /* Montserrat */,
				C8403D471F9CA45500644CA3 /* Controllers */,
				C8403D351F9CA40D00644CA3 /* AppDelegate.swift */,
				C8403D391F9CA40D00644CA3 /* Main.storyboard */,
				C8403D3C1F9CA40D00644CA3 /* Assets.xcassets */,
				C8403D3E1F9CA40D00644CA3 /* LaunchScreen.storyboard */,
				C87E25C41F9CAFC200237A99 /* Keys.plist */,
				C8403D411F9CA40D00644CA3 /* Info.plist */,
				C81B9F491F9CC81A00990447 /* Inceptionv3.mlmodel */,
			);
			path = IdentiBuy;
			sourceTree = "<group>";
		};
		C8403D471F9CA45500644CA3 /* Controllers */ = {
			isa = PBXGroup;
			children = (
				C8403D4A1F9CA4C400644CA3 /* DetectionViewController.swift */,
				C841C79A1F9CF49500A02002 /* ProductSpecViewController.swift */,
			);
			path = Controllers;
			sourceTree = "<group>";
		};
/* End PBXGroup section */

/* Begin PBXNativeTarget section */
		C8403D311F9CA40D00644CA3 /* IdentiBuy */ = {
			isa = PBXNativeTarget;
			buildConfigurationList = C8403D441F9CA40D00644CA3 /* Build configuration list for PBXNativeTarget "IdentiBuy" */;
			buildPhases = (
				BA570905DF5742CE0CBC5F0B /* [CP] Check Pods Manifest.lock */,
				C8403D2E1F9CA40D00644CA3 /* Sources */,
				C8403D2F1F9CA40D00644CA3 /* Frameworks */,
				C8403D301F9CA40D00644CA3 /* Resources */,
				EBC1C357E4D6BA85DAD3F94B /* [CP] Embed Pods Frameworks */,
				A1DA7674175EF9B94B472D5D /* [CP] Copy Pods Resources */,
			);
			buildRules = (
			);
			dependencies = (
			);
			name = IdentiBuy;
			productName = IdentiBuy;
			productReference = C8403D321F9CA40D00644CA3 /* IdentiBuy.app */;
			productType = "com.apple.product-type.application";
		};
/* End PBXNativeTarget section */

/* Begin PBXProject section */
		C8403D2A1F9CA40D00644CA3 /* Project object */ = {
			isa = PBXProject;
			attributes = {
				LastSwiftUpdateCheck = 0900;
				LastUpgradeCheck = 0900;
				ORGANIZATIONNAME = "Wilson Ding";
				TargetAttributes = {
					C8403D311F9CA40D00644CA3 = {
						CreatedOnToolsVersion = 9.0;
						ProvisioningStyle = Automatic;
					};
				};
			};
			buildConfigurationList = C8403D2D1F9CA40D00644CA3 /* Build configuration list for PBXProject "IdentiBuy" */;
			compatibilityVersion = "Xcode 8.0";
			developmentRegion = en;
			hasScannedForEncodings = 0;
			knownRegions = (
				en,
				Base,
			);
			mainGroup = C8403D291F9CA40D00644CA3;
			productRefGroup = C8403D331F9CA40D00644CA3 /* Products */;
			projectDirPath = "";
			projectRoot = "";
			targets = (
				C8403D311F9CA40D00644CA3 /* IdentiBuy */,
			);
		};
/* End PBXProject section */

/* Begin PBXResourcesBuildPhase section */
		C8403D301F9CA40D00644CA3 /* Resources */ = {
			isa = PBXResourcesBuildPhase;
			buildActionMask = 2147483647;
			files = (
				C87E25C51F9CAFC200237A99 /* Keys.plist in Resources */,
				C8403D401F9CA40D00644CA3 /* LaunchScreen.storyboard in Resources */,
				C8403D3D1F9CA40D00644CA3 /* Assets.xcassets in Resources */,
				C8403D3B1F9CA40D00644CA3 /* Main.storyboard in Resources */,
			);
			runOnlyForDeploymentPostprocessing = 0;
		};
/* End PBXResourcesBuildPhase section */

/* Begin PBXShellScriptBuildPhase section */
		A1DA7674175EF9B94B472D5D /* [CP] Copy Pods Resources */ = {
			isa = PBXShellScriptBuildPhase;
			buildActionMask = 2147483647;
			files = (
			);
			inputPaths = (
			);
			name = "[CP] Copy Pods Resources";
			outputPaths = (
			);
			runOnlyForDeploymentPostprocessing = 0;
			shellPath = /bin/sh;
			shellScript = "\"${SRCROOT}/Pods/Target Support Files/Pods-IdentiBuy/Pods-IdentiBuy-resources.sh\"\n";
			showEnvVarsInLog = 0;
		};
		BA570905DF5742CE0CBC5F0B /* [CP] Check Pods Manifest.lock */ = {
			isa = PBXShellScriptBuildPhase;
			buildActionMask = 2147483647;
			files = (
			);
			inputPaths = (
				"${PODS_PODFILE_DIR_PATH}/Podfile.lock",
				"${PODS_ROOT}/Manifest.lock",
			);
			name = "[CP] Check Pods Manifest.lock";
			outputPaths = (
				"$(DERIVED_FILE_DIR)/Pods-IdentiBuy-checkManifestLockResult.txt",
			);
			runOnlyForDeploymentPostprocessing = 0;
			shellPath = /bin/sh;
			shellScript = "diff \"${PODS_PODFILE_DIR_PATH}/Podfile.lock\" \"${PODS_ROOT}/Manifest.lock\" > /dev/null\nif [ $? != 0 ] ; then\n    # print error to STDERR\n    echo \"error: The sandbox is not in sync with the Podfile.lock. Run 'pod install' or update your CocoaPods installation.\" >&2\n    exit 1\nfi\n# This output is used by Xcode 'outputs' to avoid re-running this script phase.\necho \"SUCCESS\" > \"${SCRIPT_OUTPUT_FILE_0}\"\n";
			showEnvVarsInLog = 0;
		};
		EBC1C357E4D6BA85DAD3F94B /* [CP] Embed Pods Frameworks */ = {
			isa = PBXShellScriptBuildPhase;
			buildActionMask = 2147483647;
			files = (
			);
			inputPaths = (
				"${SRCROOT}/Pods/Target Support Files/Pods-IdentiBuy/Pods-IdentiBuy-frameworks.sh",
				"${PODS_ROOT}/Clarifai-Apple-SDK/Clarifai_Apple_SDK.framework",
				"${BUILT_PRODUCTS_DIR}/PKHUD/PKHUD.framework",
			);
			name = "[CP] Embed Pods Frameworks";
			outputPaths = (
				"${TARGET_BUILD_DIR}/${FRAMEWORKS_FOLDER_PATH}/Clarifai_Apple_SDK.framework",
				"${TARGET_BUILD_DIR}/${FRAMEWORKS_FOLDER_PATH}/PKHUD.framework",
			);
			runOnlyForDeploymentPostprocessing = 0;
			shellPath = /bin/sh;
			shellScript = "\"${SRCROOT}/Pods/Target Support Files/Pods-IdentiBuy/Pods-IdentiBuy-frameworks.sh\"\n";
			showEnvVarsInLog = 0;
		};
/* End PBXShellScriptBuildPhase section */

/* Begin PBXSourcesBuildPhase section */
		C8403D2E1F9CA40D00644CA3 /* Sources */ = {
			isa = PBXSourcesBuildPhase;
			buildActionMask = 2147483647;
			files = (
				C8403D361F9CA40D00644CA3 /* AppDelegate.swift in Sources */,
				C841C79B1F9CF49500A02002 /* ProductSpecViewController.swift in Sources */,
				C81B9F4A1F9CC84300990447 /* Inceptionv3.mlmodel in Sources */,
				C8403D4B1F9CA4C400644CA3 /* DetectionViewController.swift in Sources */,
			);
			runOnlyForDeploymentPostprocessing = 0;
		};
/* End PBXSourcesBuildPhase section */

/* Begin PBXVariantGroup section */
		C8403D391F9CA40D00644CA3 /* Main.storyboard */ = {
			isa = PBXVariantGroup;
			children = (
				C8403D3A1F9CA40D00644CA3 /* Base */,
			);
			name = Main.storyboard;
			sourceTree = "<group>";
		};
		C8403D3E1F9CA40D00644CA3 /* LaunchScreen.storyboard */ = {
			isa = PBXVariantGroup;
			children = (
				C8403D3F1F9CA40D00644CA3 /* Base */,
			);
			name = LaunchScreen.storyboard;
			sourceTree = "<group>";
		};
/* End PBXVariantGroup section */

/* Begin XCBuildConfiguration section */
		C8403D421F9CA40D00644CA3 /* Debug */ = {
			isa = XCBuildConfiguration;
			buildSettings = {
				ALWAYS_SEARCH_USER_PATHS = NO;
				CLANG_ANALYZER_NONNULL = YES;
				CLANG_ANALYZER_NUMBER_OBJECT_CONVERSION = YES_AGGRESSIVE;
				CLANG_CXX_LANGUAGE_STANDARD = "gnu++14";
				CLANG_CXX_LIBRARY = "libc++";
				CLANG_ENABLE_MODULES = YES;
				CLANG_ENABLE_OBJC_ARC = YES;
				CLANG_WARN_BLOCK_CAPTURE_AUTORELEASING = YES;
				CLANG_WARN_BOOL_CONVERSION = YES;
				CLANG_WARN_COMMA = YES;
				CLANG_WARN_CONSTANT_CONVERSION = YES;
				CLANG_WARN_DIRECT_OBJC_ISA_USAGE = YES_ERROR;
				CLANG_WARN_DOCUMENTATION_COMMENTS = YES;
				CLANG_WARN_EMPTY_BODY = YES;
				CLANG_WARN_ENUM_CONVERSION = YES;
				CLANG_WARN_INFINITE_RECURSION = YES;
				CLANG_WARN_INT_CONVERSION = YES;
				CLANG_WARN_NON_LITERAL_NULL_CONVERSION = YES;
				CLANG_WARN_OBJC_LITERAL_CONVERSION = YES;
				CLANG_WARN_OBJC_ROOT_CLASS = YES_ERROR;
				CLANG_WARN_RANGE_LOOP_ANALYSIS = YES;
				CLANG_WARN_STRICT_PROTOTYPES = YES;
				CLANG_WARN_SUSPICIOUS_MOVE = YES;
				CLANG_WARN_UNGUARDED_AVAILABILITY = YES_AGGRESSIVE;
				CLANG_WARN_UNREACHABLE_CODE = YES;
				CLANG_WARN__DUPLICATE_METHOD_MATCH = YES;
				CODE_SIGN_IDENTITY = "iPhone Developer";
				COPY_PHASE_STRIP = NO;
				DEBUG_INFORMATION_FORMAT = dwarf;
				ENABLE_STRICT_OBJC_MSGSEND = YES;
				ENABLE_TESTABILITY = YES;
				GCC_C_LANGUAGE_STANDARD = gnu11;
				GCC_DYNAMIC_NO_PIC = NO;
				GCC_NO_COMMON_BLOCKS = YES;
				GCC_OPTIMIZATION_LEVEL = 0;
				GCC_PREPROCESSOR_DEFINITIONS = (
					"DEBUG=1",
					"$(inherited)",
				);
				GCC_WARN_64_TO_32_BIT_CONVERSION = YES;
				GCC_WARN_ABOUT_RETURN_TYPE = YES_ERROR;
				GCC_WARN_UNDECLARED_SELECTOR = YES;
				GCC_WARN_UNINITIALIZED_AUTOS = YES_AGGRESSIVE;
				GCC_WARN_UNUSED_FUNCTION = YES;
				GCC_WARN_UNUSED_VARIABLE = YES;
				IPHONEOS_DEPLOYMENT_TARGET = 11.0;
				MTL_ENABLE_DEBUG_INFO = YES;
				ONLY_ACTIVE_ARCH = YES;
				SDKROOT = iphoneos;
				SWIFT_ACTIVE_COMPILATION_CONDITIONS = DEBUG;
				SWIFT_OPTIMIZATION_LEVEL = "-Onone";
			};
			name = Debug;
		};
		C8403D431F9CA40D00644CA3 /* Release */ = {
			isa = XCBuildConfiguration;
			buildSettings = {
				ALWAYS_SEARCH_USER_PATHS = NO;
				CLANG_ANALYZER_NONNULL = YES;
				CLANG_ANALYZER_NUMBER_OBJECT_CONVERSION = YES_AGGRESSIVE;
				CLANG_CXX_LANGUAGE_STANDARD = "gnu++14";
				CLANG_CXX_LIBRARY = "libc++";
				CLANG_ENABLE_MODULES = YES;
				CLANG_ENABLE_OBJC_ARC = YES;
				CLANG_WARN_BLOCK_CAPTURE_AUTORELEASING = YES;
				CLANG_WARN_BOOL_CONVERSION = YES;
				CLANG_WARN_COMMA = YES;
				CLANG_WARN_CONSTANT_CONVERSION = YES;
				CLANG_WARN_DIRECT_OBJC_ISA_USAGE = YES_ERROR;
				CLANG_WARN_DOCUMENTATION_COMMENTS = YES;
				CLANG_WARN_EMPTY_BODY = YES;
				CLANG_WARN_ENUM_CONVERSION = YES;
				CLANG_WARN_INFINITE_RECURSION = YES;
				CLANG_WARN_INT_CONVERSION = YES;
				CLANG_WARN_NON_LITERAL_NULL_CONVERSION = YES;
				CLANG_WARN_OBJC_LITERAL_CONVERSION = YES;
				CLANG_WARN_OBJC_ROOT_CLASS = YES_ERROR;
				CLANG_WARN_RANGE_LOOP_ANALYSIS = YES;
				CLANG_WARN_STRICT_PROTOTYPES = YES;
				CLANG_WARN_SUSPICIOUS_MOVE = YES;
				CLANG_WARN_UNGUARDED_AVAILABILITY = YES_AGGRESSIVE;
				CLANG_WARN_UNREACHABLE_CODE = YES;
				CLANG_WARN__DUPLICATE_METHOD_MATCH = YES;
				CODE_SIGN_IDENTITY = "iPhone Developer";
				COPY_PHASE_STRIP = NO;
				DEBUG_INFORMATION_FORMAT = "dwarf-with-dsym";
				ENABLE_NS_ASSERTIONS = NO;
				ENABLE_STRICT_OBJC_MSGSEND = YES;
				GCC_C_LANGUAGE_STANDARD = gnu11;
				GCC_NO_COMMON_BLOCKS = YES;
				GCC_WARN_64_TO_32_BIT_CONVERSION = YES;
				GCC_WARN_ABOUT_RETURN_TYPE = YES_ERROR;
				GCC_WARN_UNDECLARED_SELECTOR = YES;
				GCC_WARN_UNINITIALIZED_AUTOS = YES_AGGRESSIVE;
				GCC_WARN_UNUSED_FUNCTION = YES;
				GCC_WARN_UNUSED_VARIABLE = YES;
				IPHONEOS_DEPLOYMENT_TARGET = 11.0;
				MTL_ENABLE_DEBUG_INFO = NO;
				SDKROOT = iphoneos;
				SWIFT_OPTIMIZATION_LEVEL = "-Owholemodule";
				VALIDATE_PRODUCT = YES;
			};
			name = Release;
		};
		C8403D451F9CA40D00644CA3 /* Debug */ = {
			isa = XCBuildConfiguration;
			baseConfigurationReference = B6F7ECCBE48A183BBDBF4C67 /* Pods-IdentiBuy.debug.xcconfig */;
			buildSettings = {
				ASSETCATALOG_COMPILER_APPICON_NAME = AppIcon;
				CODE_SIGN_STYLE = Automatic;
				DEVELOPMENT_TEAM = 585SNYAD83;
				INFOPLIST_FILE = IdentiBuy/Info.plist;
				LD_RUNPATH_SEARCH_PATHS = "$(inherited) @executable_path/Frameworks";
				PRODUCT_BUNDLE_IDENTIFIER = com.wilsonding.IdentiBuy;
				PRODUCT_NAME = "$(TARGET_NAME)";
				SWIFT_VERSION = 4.0;
				TARGETED_DEVICE_FAMILY = 1;
			};
			name = Debug;
		};
		C8403D461F9CA40D00644CA3 /* Release */ = {
			isa = XCBuildConfiguration;
			baseConfigurationReference = 52824CBBC39E4C96758D93A6 /* Pods-IdentiBuy.release.xcconfig */;
			buildSettings = {
				ASSETCATALOG_COMPILER_APPICON_NAME = AppIcon;
				CODE_SIGN_STYLE = Automatic;
				DEVELOPMENT_TEAM = 585SNYAD83;
				INFOPLIST_FILE = IdentiBuy/Info.plist;
				LD_RUNPATH_SEARCH_PATHS = "$(inherited) @executable_path/Frameworks";
				PRODUCT_BUNDLE_IDENTIFIER = com.wilsonding.IdentiBuy;
				PRODUCT_NAME = "$(TARGET_NAME)";
				SWIFT_VERSION = 4.0;
				TARGETED_DEVICE_FAMILY = 1;
			};
			name = Release;
		};
/* End XCBuildConfiguration section */

/* Begin XCConfigurationList section */
		C8403D2D1F9CA40D00644CA3 /* Build configuration list for PBXProject "IdentiBuy" */ = {
			isa = XCConfigurationList;
			buildConfigurations = (
				C8403D421F9CA40D00644CA3 /* Debug */,
				C8403D431F9CA40D00644CA3 /* Release */,
			);
			defaultConfigurationIsVisible = 0;
			defaultConfigurationName = Release;
		};
		C8403D441F9CA40D00644CA3 /* Build configuration list for PBXNativeTarget "IdentiBuy" */ = {
			isa = XCConfigurationList;
			buildConfigurations = (
				C8403D451F9CA40D00644CA3 /* Debug */,
				C8403D461F9CA40D00644CA3 /* Release */,
			);
			defaultConfigurationIsVisible = 0;
			defaultConfigurationName = Release;
		};
/* End XCConfigurationList section */
	};
	rootObject = C8403D2A1F9CA40D00644CA3 /* Project object */;
}
